
Microsoft Visual Studio Solution File, Format Version 12.00
# Visual Studio Version 16
VisualStudioVersion = 16.0.31702.278
MinimumVisualStudioVersion = 10.0.40219.1
Project("{FAE04EC0-301F-11D3-BF4B-00C04F79EFBC}") = "WpfLab1", "WpfLab1\WpfLab1.csproj", "{9B54133B-1E68-4A42-85DF-902DB14FBD21}"
EndProject
Global
	GlobalSection(SolutionConfigurationPlatforms) = preSolution
		Debug|Any CPU = Debug|Any CPU
		Release|Any CPU = Release|Any CPU
	EndGlobalSection
	GlobalSection(ProjectConfigurationPlatforms) = postSolution
		{9B54133B-1E68-4A42-85DF-902DB14FBD21}.Debug|Any CPU.ActiveCfg = Debug|Any CPU
		{9B54133B-1E68-4A42-85DF-902DB14FBD21}.Debug|Any CPU.Build.0 = Debug|Any CPU
		{9B54133B-1E68-4A42-85DF-902DB14FBD21}.Release|Any CPU.ActiveCfg = Release|Any CPU
		{9B54133B-1E68-4A42-85DF-902DB14FBD21}.Release|Any CPU.Build.0 = Release|Any CPU
	EndGlobalSection
	GlobalSection(SolutionProperties) = preSolution
		HideSolutionNode = FALSE
	EndGlobalSection
	GlobalSection(ExtensibilityGlobals) = postSolution
		SolutionGuid = {455CFCF4-E129-45E7-B787-56B4D600E9F7}
	EndGlobalSection
EndGlobal
